// !$*UTF8*$!
{
	archiveVersion = 1;
	classes = {
	};
	objectVersion = 46;
	objects = {

/* Begin PBXBuildFile section */
		705C025F204B822000E2D128 /* PinAnnotationView.swift in Sources */ = {isa = PBXBuildFile; fileRef = 705C025E204B822000E2D128 /* PinAnnotationView.swift */; };
		707B360120497D580057C934 /* helper.swift in Sources */ = {isa = PBXBuildFile; fileRef = 707B360020497D580057C934 /* helper.swift */; };
		707B3603204982460057C934 /* MarkerAnnotationView.swift in Sources */ = {isa = PBXBuildFile; fileRef = 707B3602204982460057C934 /* MarkerAnnotationView.swift */; };
		70951C6D2236B349006135F2 /* myPointAnnotation.swift in Sources */ = {isa = PBXBuildFile; fileRef = 70951C6C2236B349006135F2 /* myPointAnnotation.swift */; };
		70C5B2A32232638700499DD8 /* CustomPointAnnotation.swift in Sources */ = {isa = PBXBuildFile; fileRef = 70C5B2A22232638600499DD8 /* CustomPointAnnotation.swift */; };
		70CFB6F41F0173D3009D451B /* AnnotationView.swift in Sources */ = {isa = PBXBuildFile; fileRef = 70CFB6F31F0173D3009D451B /* AnnotationView.swift */; };
		70E5D03B204C9C3E008BE0EE /* geoCode.swift in Sources */ = {isa = PBXBuildFile; fileRef = 70E5D03A204C9C3E008BE0EE /* geoCode.swift */; };
		A3FFF1741D382013008CDE73 /* AppDelegate.swift in Sources */ = {isa = PBXBuildFile; fileRef = A3FFF1731D382013008CDE73 /* AppDelegate.swift */; };
		A3FFF1761D382013008CDE73 /* ViewController.swift in Sources */ = {isa = PBXBuildFile; fileRef = A3FFF1751D382013008CDE73 /* ViewController.swift */; };
		A3FFF1791D382013008CDE73 /* Main.storyboard in Resources */ = {isa = PBXBuildFile; fileRef = A3FFF1771D382013008CDE73 /* Main.storyboard */; };
		A3FFF17B1D382013008CDE73 /* Assets.xcassets in Resources */ = {isa = PBXBuildFile; fileRef = A3FFF17A1D382013008CDE73 /* Assets.xcassets */; };
		A3FFF17E1D382013008CDE73 /* LaunchScreen.storyboard in Resources */ = {isa = PBXBuildFile; fileRef = A3FFF17C1D382013008CDE73 /* LaunchScreen.storyboard */; };
/* End PBXBuildFile section */

/* Begin PBXFileReference section */
		705C025E204B822000E2D128 /* PinAnnotationView.swift */ = {isa = PBXFileReference; lastKnownFileType = sourcecode.swift; path = PinAnnotationView.swift; sourceTree = "<group>"; };
		707B360020497D580057C934 /* helper.swift */ = {isa = PBXFileReference; lastKnownFileType = sourcecode.swift; path = helper.swift; sourceTree = "<group>"; };
		707B3602204982460057C934 /* MarkerAnnotationView.swift */ = {isa = PBXFileReference; lastKnownFileType = sourcecode.swift; path = MarkerAnnotationView.swift; sourceTree = "<group>"; };
		70951C6C2236B349006135F2 /* myPointAnnotation.swift */ = {isa = PBXFileReference; lastKnownFileType = sourcecode.swift; path = myPointAnnotation.swift; sourceTree = "<group>"; };
		70C5B2A22232638600499DD8 /* CustomPointAnnotation.swift */ = {isa = PBXFileReference; lastKnownFileType = sourcecode.swift; path = CustomPointAnnotation.swift; sourceTree = "<group>"; };
		70CFB6F31F0173D3009D451B /* AnnotationView.swift */ = {isa = PBXFileReference; lastKnownFileType = sourcecode.swift; path = AnnotationView.swift; sourceTree = "<group>"; };
		70E5D03A204C9C3E008BE0EE /* geoCode.swift */ = {isa = PBXFileReference; lastKnownFileType = sourcecode.swift; path = geoCode.swift; sourceTree = "<group>"; };
		A3FFF1701D382013008CDE73 /* CapitalCities.app */ = {isa = PBXFileReference; explicitFileType = wrapper.application; includeInIndex = 0; path = CapitalCities.app; sourceTree = BUILT_PRODUCTS_DIR; };
		A3FFF1731D382013008CDE73 /* AppDelegate.swift */ = {isa = PBXFileReference; lastKnownFileType = sourcecode.swift; path = AppDelegate.swift; sourceTree = "<group>"; };
		A3FFF1751D382013008CDE73 /* ViewController.swift */ = {isa = PBXFileReference; lastKnownFileType = sourcecode.swift; path = ViewController.swift; sourceTree = "<group>"; };
		A3FFF1781D382013008CDE73 /* Base */ = {isa = PBXFileReference; lastKnownFileType = file.storyboard; name = Base; path = Base.lproj/Main.storyboard; sourceTree = "<group>"; };
		A3FFF17A1D382013008CDE73 /* Assets.xcassets */ = {isa = PBXFileReference; lastKnownFileType = folder.assetcatalog; path = Assets.xcassets; sourceTree = "<group>"; };
		A3FFF17D1D382013008CDE73 /* Base */ = {isa = PBXFileReference; lastKnownFileType = file.storyboard; name = Base; path = Base.lproj/LaunchScreen.storyboard; sourceTree = "<group>"; };
		A3FFF17F1D382013008CDE73 /* info.plist */ = {isa = PBXFileReference; lastKnownFileType = text.plist.xml; path = info.plist; sourceTree = "<group>"; };
/* End PBXFileReference section */

/* Begin PBXFrameworksBuildPhase section */
		A3FFF16D1D382013008CDE73 /* Frameworks */ = {
			isa = PBXFrameworksBuildPhase;
			buildActionMask = 2147483647;
			files = (
			);
			runOnlyForDeploymentPostprocessing = 0;
		};
/* End PBXFrameworksBuildPhase section */

/* Begin PBXGroup section */
		A3FFF1671D382013008CDE73 = {
			isa = PBXGroup;
			children = (
				A3FFF1721D382013008CDE73 /* CapitalCities */,
				A3FFF1711D382013008CDE73 /* Products */,
			);
			sourceTree = "<group>";
		};
		A3FFF1711D382013008CDE73 /* Products */ = {
			isa = PBXGroup;
			children = (
				A3FFF1701D382013008CDE73 /* CapitalCities.app */,
			);
			name = Products;
			sourceTree = "<group>";
		};
		A3FFF1721D382013008CDE73 /* CapitalCities */ = {
			isa = PBXGroup;
			children = (
				A3FFF1731D382013008CDE73 /* AppDelegate.swift */,
				70CFB6F31F0173D3009D451B /* AnnotationView.swift */,
				707B3602204982460057C934 /* MarkerAnnotationView.swift */,
				705C025E204B822000E2D128 /* PinAnnotationView.swift */,
				A3FFF1751D382013008CDE73 /* ViewController.swift */,
				70951C6C2236B349006135F2 /* myPointAnnotation.swift */,
				70C5B2A22232638600499DD8 /* CustomPointAnnotation.swift */,
				70E5D03A204C9C3E008BE0EE /* geoCode.swift */,
				707B360020497D580057C934 /* helper.swift */,
				A3FFF1771D382013008CDE73 /* Main.storyboard */,
				A3FFF17A1D382013008CDE73 /* Assets.xcassets */,
				A3FFF17C1D382013008CDE73 /* LaunchScreen.storyboard */,
				A3FFF17F1D382013008CDE73 /* info.plist */,
			);
			path = CapitalCities;
			sourceTree = "<group>";
		};
/* End PBXGroup section */

/* Begin PBXNativeTarget section */
		A3FFF16F1D382013008CDE73 /* CapitalCities */ = {
			isa = PBXNativeTarget;
			buildConfigurationList = A3FFF1821D382013008CDE73 /* Build configuration list for PBXNativeTarget "CapitalCities" */;
			buildPhases = (
				A3FFF16C1D382013008CDE73 /* Sources */,
				A3FFF16D1D382013008CDE73 /* Frameworks */,
				A3FFF16E1D382013008CDE73 /* Resources */,
			);
			buildRules = (
			);
			dependencies = (
			);
			name = CapitalCities;
			productName = CustomMapAnnotation;
			productReference = A3FFF1701D382013008CDE73 /* CapitalCities.app */;
			productType = "com.apple.product-type.application";
		};
/* End PBXNativeTarget section */

/* Begin PBXProject section */
		A3FFF1681D382013008CDE73 /* Project object */ = {
			isa = PBXProject;
			attributes = {
				LastSwiftUpdateCheck = 0730;
				LastUpgradeCheck = 0930;
				ORGANIZATIONNAME = "Luke Van In";
				TargetAttributes = {
					A3FFF16F1D382013008CDE73 = {
						CreatedOnToolsVersion = 7.3.1;
						DevelopmentTeam = Y56SSGALT7;
						LastSwiftMigration = 0900;
					};
				};
			};
			buildConfigurationList = A3FFF16B1D382013008CDE73 /* Build configuration list for PBXProject "CapitalCities" */;
			compatibilityVersion = "Xcode 3.2";
			developmentRegion = English;
			hasScannedForEncodings = 0;
			knownRegions = (
				English,
				en,
				Base,
			);
			mainGroup = A3FFF1671D382013008CDE73;
			productRefGroup = A3FFF1711D382013008CDE73 /* Products */;
			projectDirPath = "";
			projectRoot = "";
			targets = (
				A3FFF16F1D382013008CDE73 /* CapitalCities */,
			);
		};
/* End PBXProject section */

/* Begin PBXResourcesBuildPhase section */
		A3FFF16E1D382013008CDE73 /* Resources */ = {
			isa = PBXResourcesBuildPhase;
			buildActionMask = 2147483647;
			files = (
				A3FFF17E1D382013008CDE73 /* LaunchScreen.storyboard in Resources */,
				A3FFF17B1D382013008CDE73 /* Assets.xcassets in Resources */,
				A3FFF1791D382013008CDE73 /* Main.storyboard in Resources */,
			);
			runOnlyForDeploymentPostprocessing = 0;
		};
/* End PBXResourcesBuildPhase section */

/* Begin PBXSourcesBuildPhase section */
		A3FFF16C1D382013008CDE73 /* Sources */ = {
			isa = PBXSourcesBuildPhase;
			buildActionMask = 2147483647;
			files = (
				A3FFF1761D382013008CDE73 /* ViewController.swift in Sources */,
				707B3603204982460057C934 /* MarkerAnnotationView.swift in Sources */,
				70951C6D2236B349006135F2 /* myPointAnnotation.swift in Sources */,
				70CFB6F41F0173D3009D451B /* AnnotationView.swift in Sources */,
				705C025F204B822000E2D128 /* PinAnnotationView.swift in Sources */,
				70E5D03B204C9C3E008BE0EE /* geoCode.swift in Sources */,
				A3FFF1741D382013008CDE73 /* AppDelegate.swift in Sources */,
				70C5B2A32232638700499DD8 /* CustomPointAnnotation.swift in Sources */,
				707B360120497D580057C934 /* helper.swift in Sources */,
			);
			runOnlyForDeploymentPostprocessing = 0;
		};
/* End PBXSourcesBuildPhase section */

/* Begin PBXVariantGroup section */
		A3FFF1771D382013008CDE73 /* Main.storyboard */ = {
			isa = PBXVariantGroup;
			children = (
				A3FFF1781D382013008CDE73 /* Base */,
			);
			name = Main.storyboard;
			sourceTree = "<group>";
		};
		A3FFF17C1D382013008CDE73 /* LaunchScreen.storyboard */ = {
			isa = PBXVariantGroup;
			children = (
				A3FFF17D1D382013008CDE73 /* Base */,
			);
			name = LaunchScreen.storyboard;
			sourceTree = "<group>";
		};
/* End PBXVariantGroup section */

/* Begin XCBuildConfiguration section */
		A3FFF1801D382013008CDE73 /* Debug */ = {
			isa = XCBuildConfiguration;
			buildSettings = {
				ALWAYS_SEARCH_USER_PATHS = NO;
				CLANG_ANALYZER_NONNULL = YES;
				CLANG_CXX_LANGUAGE_STANDARD = "gnu++0x";
				CLANG_CXX_LIBRARY = "libc++";
				CLANG_ENABLE_MODULES = YES;
				CLANG_ENABLE_OBJC_ARC = YES;
				CLANG_WARN_BLOCK_CAPTURE_AUTORELEASING = YES;
				CLANG_WARN_BOOL_CONVERSION = YES;
				CLANG_WARN_COMMA = YES;
				CLANG_WARN_CONSTANT_CONVERSION = YES;
				CLANG_WARN_DEPRECATED_OBJC_IMPLEMENTATIONS = YES;
				CLANG_WARN_DIRECT_OBJC_ISA_USAGE = YES_ERROR;
				CLANG_WARN_EMPTY_BODY = YES;
				CLANG_WARN_ENUM_CONVERSION = YES;
				CLANG_WARN_INFINITE_RECURSION = YES;
				CLANG_WARN_INT_CONVERSION = YES;
				CLANG_WARN_NON_LITERAL_NULL_CONVERSION = YES;
				CLANG_WARN_OBJC_IMPLICIT_RETAIN_SELF = YES;
				CLANG_WARN_OBJC_LITERAL_CONVERSION = YES;
				CLANG_WARN_OBJC_ROOT_CLASS = YES_ERROR;
				CLANG_WARN_RANGE_LOOP_ANALYSIS = YES;
				CLANG_WARN_STRICT_PROTOTYPES = YES;
				CLANG_WARN_SUSPICIOUS_MOVE = YES;
				CLANG_WARN_UNREACHABLE_CODE = YES;
				CLANG_WARN__DUPLICATE_METHOD_MATCH = YES;
				"CODE_SIGN_IDENTITY[sdk=iphoneos*]" = "iPhone Developer";
				COPY_PHASE_STRIP = NO;
				DEBUG_INFORMATION_FORMAT = dwarf;
				ENABLE_STRICT_OBJC_MSGSEND = YES;
				ENABLE_TESTABILITY = YES;
				GCC_C_LANGUAGE_STANDARD = gnu99;
				GCC_DYNAMIC_NO_PIC = NO;
				GCC_NO_COMMON_BLOCKS = YES;
				GCC_OPTIMIZATION_LEVEL = 0;
				GCC_PREPROCESSOR_DEFINITIONS = (
					"DEBUG=1",
					"$(inherited)",
				);
				GCC_WARN_64_TO_32_BIT_CONVERSION = YES;
				GCC_WARN_ABOUT_RETURN_TYPE = YES_ERROR;
				GCC_WARN_UNDECLARED_SELECTOR = YES;
				GCC_WARN_UNINITIALIZED_AUTOS = YES_AGGRESSIVE;
				GCC_WARN_UNUSED_FUNCTION = YES;
				GCC_WARN_UNUSED_VARIABLE = YES;
				IPHONEOS_DEPLOYMENT_TARGET = 11.3;
				MTL_ENABLE_DEBUG_INFO = YES;
				ONLY_ACTIVE_ARCH = YES;
				SDKROOT = iphoneos;
				SWIFT_OPTIMIZATION_LEVEL = "-Onone";
			};
			name = Debug;
		};
		A3FFF1811D382013008CDE73 /* Release */ = {
			isa = XCBuildConfiguration;
			buildSettings = {
				ALWAYS_SEARCH_USER_PATHS = NO;
				CLANG_ANALYZER_NONNULL = YES;
				CLANG_CXX_LANGUAGE_STANDARD = "gnu++0x";
				CLANG_CXX_LIBRARY = "libc++";
				CLANG_ENABLE_MODULES = YES;
				CLANG_ENABLE_OBJC_ARC = YES;
				CLANG_WARN_BLOCK_CAPTURE_AUTORELEASING = YES;
				CLANG_WARN_BOOL_CONVERSION = YES;
				CLANG_WARN_COMMA = YES;
				CLANG_WARN_CONSTANT_CONVERSION = YES;
				CLANG_WARN_DEPRECATED_OBJC_IMPLEMENTATIONS = YES;
				CLANG_WARN_DIRECT_OBJC_ISA_USAGE = YES_ERROR;
				CLANG_WARN_EMPTY_BODY = YES;
				CLANG_WARN_ENUM_CONVERSION = YES;
				CLANG_WARN_INFINITE_RECURSION = YES;
				CLANG_WARN_INT_CONVERSION = YES;
				CLANG_WARN_NON_LITERAL_NULL_CONVERSION = YES;
				CLANG_WARN_OBJC_IMPLICIT_RETAIN_SELF = YES;
				CLANG_WARN_OBJC_LITERAL_CONVERSION = YES;
				CLANG_WARN_OBJC_ROOT_CLASS = YES_ERROR;
				CLANG_WARN_RANGE_LOOP_ANALYSIS = YES;
				CLANG_WARN_STRICT_PROTOTYPES = YES;
				CLANG_WARN_SUSPICIOUS_MOVE = YES;
				CLANG_WARN_UNREACHABLE_CODE = YES;
				CLANG_WARN__DUPLICATE_METHOD_MATCH = YES;
				"CODE_SIGN_IDENTITY[sdk=iphoneos*]" = "iPhone Developer";
				COPY_PHASE_STRIP = NO;
				DEBUG_INFORMATION_FORMAT = "dwarf-with-dsym";
				ENABLE_NS_ASSERTIONS = NO;
				ENABLE_STRICT_OBJC_MSGSEND = YES;
				GCC_C_LANGUAGE_STANDARD = gnu99;
				GCC_NO_COMMON_BLOCKS = YES;
				GCC_WARN_64_TO_32_BIT_CONVERSION = YES;
				GCC_WARN_ABOUT_RETURN_TYPE = YES_ERROR;
				GCC_WARN_UNDECLARED_SELECTOR = YES;
				GCC_WARN_UNINITIALIZED_AUTOS = YES_AGGRESSIVE;
				GCC_WARN_UNUSED_FUNCTION = YES;
				GCC_WARN_UNUSED_VARIABLE = YES;
				IPHONEOS_DEPLOYMENT_TARGET = 11.3;
				MTL_ENABLE_DEBUG_INFO = NO;
				SDKROOT = iphoneos;
				SWIFT_OPTIMIZATION_LEVEL = "-Owholemodule";
				VALIDATE_PRODUCT = YES;
			};
			name = Release;
		};
		A3FFF1831D382013008CDE73 /* Debug */ = {
			isa = XCBuildConfiguration;
			buildSettings = {
				ASSETCATALOG_COMPILER_APPICON_NAME = AppIcon;
				DEVELOPMENT_TEAM = Y56SSGALT7;
				INFOPLIST_FILE = "$(SRCROOT)/CapitalCities/info.plist";
				IPHONEOS_DEPLOYMENT_TARGET = 11.0;
				LD_RUNPATH_SEARCH_PATHS = "$(inherited) @executable_path/Frameworks";
				PRODUCT_BUNDLE_IDENTIFIER = com.lowedown.CapitalCities;
				PRODUCT_NAME = "$(TARGET_NAME)";
				SWIFT_SWIFT3_OBJC_INFERENCE = Default;
				SWIFT_VERSION = 4.0;
			};
			name = Debug;
		};
		A3FFF1841D382013008CDE73 /* Release */ = {
			isa = XCBuildConfiguration;
			buildSettings = {
				ASSETCATALOG_COMPILER_APPICON_NAME = AppIcon;
				DEVELOPMENT_TEAM = Y56SSGALT7;
				INFOPLIST_FILE = "$(SRCROOT)/CapitalCities/info.plist";
				IPHONEOS_DEPLOYMENT_TARGET = 11.0;
				LD_RUNPATH_SEARCH_PATHS = "$(inherited) @executable_path/Frameworks";
				PRODUCT_BUNDLE_IDENTIFIER = com.lowedown.CapitalCities;
				PRODUCT_NAME = "$(TARGET_NAME)";
				SWIFT_SWIFT3_OBJC_INFERENCE = Default;
				SWIFT_VERSION = 4.0;
			};
			name = Release;
		};
/* End XCBuildConfiguration section */

/* Begin XCConfigurationList section */
		A3FFF16B1D382013008CDE73 /* Build configuration list for PBXProject "CapitalCities" */ = {
			isa = XCConfigurationList;
			buildConfigurations = (
				A3FFF1801D382013008CDE73 /* Debug */,
				A3FFF1811D382013008CDE73 /* Release */,
			);
			defaultConfigurationIsVisible = 0;
			defaultConfigurationName = Release;
		};
		A3FFF1821D382013008CDE73 /* Build configuration list for PBXNativeTarget "CapitalCities" */ = {
			isa = XCConfigurationList;
			buildConfigurations = (
				A3FFF1831D382013008CDE73 /* Debug */,
				A3FFF1841D382013008CDE73 /* Release */,
			);
			defaultConfigurationIsVisible = 0;
			defaultConfigurationName = Release;
		};
/* End XCConfigurationList section */
	};
	rootObject = A3FFF1681D382013008CDE73 /* Project object */;
}
